PODS:
  - BrewExtension (1.0.0):
    - BrewExtension/Brew (= 1.0.0)
    - BrewExtension/BrewExtension (= 1.0.0)
  - BrewExtension/Brew (1.0.0)
  - BrewExtension/BrewExtension (1.0.0):
    - BrewExtension/Brew

DEPENDENCIES:
  - BrewExtension (from `https://github.com/Zehua-Chen/brew-extension`, branch `cocoapods`)

EXTERNAL SOURCES:
  BrewExtension:
    :branch: cocoapods
    :git: https://github.com/Zehua-Chen/brew-extension

CHECKOUT OPTIONS:
  BrewExtension:
    :commit: 50880116f2bd660464e6d0400392e181cdc42f96
    :git: https://github.com/Zehua-Chen/brew-extension

SPEC CHECKSUMS:
  BrewExtension: 799d9dc78735b29fba37ef53b4f36b0abc33c739

PODFILE CHECKSUM: e4832cd3d60789080eb35bb6e8132d711187c8ec

COCOAPODS: 1.7.5
