PODS:
  - BrewExtension (1.0.0):
    - BrewExtension/Brew (= 1.0.0)
    - BrewExtension/BrewExtension (= 1.0.0)
  - BrewExtension/Brew (1.0.0)
  - BrewExtension/BrewExtension (1.0.0):
    - BrewExtension/Brew

DEPENDENCIES:
  - BrewExtension (from `https://github.com/Zehua-Chen/brew-extension`, branch `cocoapods`)

EXTERNAL SOURCES:
  BrewExtension:
    :branch: cocoapods
    :git: https://github.com/Zehua-Chen/brew-extension

CHECKOUT OPTIONS:
  BrewExtension:
    :commit: 553eb676b548daa1a92f1e755321bafd98c63b0b
    :git: https://github.com/Zehua-Chen/brew-extension

SPEC CHECKSUMS:
  BrewExtension: a4a5b5bffdc2d6d1041376a24ce07ba1725a43d9

PODFILE CHECKSUM: 6fe3da2ea401440abc09d0c3e3b47ece8fa3a4b9

COCOAPODS: 1.7.5
