PODS:
  - BrewExtension (1.0.0):
    - BrewExtension/Brew (= 1.0.0)
    - BrewExtension/BrewExtension (= 1.0.0)
  - BrewExtension/Brew (1.0.0)
  - BrewExtension/BrewExtension (1.0.0):
    - BrewExtension/Brew

DEPENDENCIES:
  - BrewExtension (from `https://github.com/Zehua-Chen/brew-extension`, branch `master`)

EXTERNAL SOURCES:
  BrewExtension:
    :branch: master
    :git: https://github.com/Zehua-Chen/brew-extension

CHECKOUT OPTIONS:
  BrewExtension:
    :commit: a4afeaa5250cc6ff8022fa996191168df49628b2
    :git: https://github.com/Zehua-Chen/brew-extension

SPEC CHECKSUMS:
  BrewExtension: decfd1fa2a1cd619001e7b8e76e40d90587cb448

PODFILE CHECKSUM: 8dd357c3fd0ea998432bd4cda3669bdc67e876c4

COCOAPODS: 1.7.5
